
Microsoft Visual Studio Solution File, Format Version 12.00
# Visual Studio Version 17
VisualStudioVersion = 17.0.32112.339
MinimumVisualStudioVersion = 10.0.40219.1
Project("{FAE04EC0-301F-11D3-BF4B-00C04F79EFBC}") = "lista.01.consoleapp", "lista.01.consoleapp\lista.01.consoleapp.csproj", "{C330D628-D758-4818-B112-9330784964C0}"
EndProject
Project("{FAE04EC0-301F-11D3-BF4B-00C04F79EFBC}") = "Exercicio.02", "Exercicio.02\Exercicio.02.csproj", "{4BA6F1DE-ECBE-4FAC-B3D2-D1D522F5C5F1}"
EndProject
Project("{FAE04EC0-301F-11D3-BF4B-00C04F79EFBC}") = "Exercicio.03", "Exercicio.03\Exercicio.03.csproj", "{3D9CD393-C81B-45EC-ABD1-398EB44880EB}"
EndProject
Project("{FAE04EC0-301F-11D3-BF4B-00C04F79EFBC}") = "Exercicio.04", "Exercicio.04\Exercicio.04.csproj", "{BBB4CD00-B54D-45DA-89F9-D821098EC66D}"
EndProject
Project("{FAE04EC0-301F-11D3-BF4B-00C04F79EFBC}") = "Exercicio.05", "Exercicio.05\Exercicio.05.csproj", "{7F7CC22D-1934-4BF7-AA30-80FF4622A5A3}"
EndProject
Global
	GlobalSection(SolutionConfigurationPlatforms) = preSolution
		Debug|Any CPU = Debug|Any CPU
		Release|Any CPU = Release|Any CPU
	EndGlobalSection
	GlobalSection(ProjectConfigurationPlatforms) = postSolution
		{C330D628-D758-4818-B112-9330784964C0}.Debug|Any CPU.ActiveCfg = Debug|Any CPU
		{C330D628-D758-4818-B112-9330784964C0}.Debug|Any CPU.Build.0 = Debug|Any CPU
		{C330D628-D758-4818-B112-9330784964C0}.Release|Any CPU.ActiveCfg = Release|Any CPU
		{C330D628-D758-4818-B112-9330784964C0}.Release|Any CPU.Build.0 = Release|Any CPU
		{4BA6F1DE-ECBE-4FAC-B3D2-D1D522F5C5F1}.Debug|Any CPU.ActiveCfg = Debug|Any CPU
		{4BA6F1DE-ECBE-4FAC-B3D2-D1D522F5C5F1}.Debug|Any CPU.Build.0 = Debug|Any CPU
		{4BA6F1DE-ECBE-4FAC-B3D2-D1D522F5C5F1}.Release|Any CPU.ActiveCfg = Release|Any CPU
		{4BA6F1DE-ECBE-4FAC-B3D2-D1D522F5C5F1}.Release|Any CPU.Build.0 = Release|Any CPU
		{3D9CD393-C81B-45EC-ABD1-398EB44880EB}.Debug|Any CPU.ActiveCfg = Debug|Any CPU
		{3D9CD393-C81B-45EC-ABD1-398EB44880EB}.Debug|Any CPU.Build.0 = Debug|Any CPU
		{3D9CD393-C81B-45EC-ABD1-398EB44880EB}.Release|Any CPU.ActiveCfg = Release|Any CPU
		{3D9CD393-C81B-45EC-ABD1-398EB44880EB}.Release|Any CPU.Build.0 = Release|Any CPU
		{BBB4CD00-B54D-45DA-89F9-D821098EC66D}.Debug|Any CPU.ActiveCfg = Debug|Any CPU
		{BBB4CD00-B54D-45DA-89F9-D821098EC66D}.Debug|Any CPU.Build.0 = Debug|Any CPU
		{BBB4CD00-B54D-45DA-89F9-D821098EC66D}.Release|Any CPU.ActiveCfg = Release|Any CPU
		{BBB4CD00-B54D-45DA-89F9-D821098EC66D}.Release|Any CPU.Build.0 = Release|Any CPU
		{7F7CC22D-1934-4BF7-AA30-80FF4622A5A3}.Debug|Any CPU.ActiveCfg = Debug|Any CPU
		{7F7CC22D-1934-4BF7-AA30-80FF4622A5A3}.Debug|Any CPU.Build.0 = Debug|Any CPU
		{7F7CC22D-1934-4BF7-AA30-80FF4622A5A3}.Release|Any CPU.ActiveCfg = Release|Any CPU
		{7F7CC22D-1934-4BF7-AA30-80FF4622A5A3}.Release|Any CPU.Build.0 = Release|Any CPU
	EndGlobalSection
	GlobalSection(SolutionProperties) = preSolution
		HideSolutionNode = FALSE
	EndGlobalSection
	GlobalSection(ExtensibilityGlobals) = postSolution
		SolutionGuid = {ADC84A5C-FD58-402E-A146-245C2F3571EA}
	EndGlobalSection
EndGlobal
